
Microsoft Visual Studio Solution File, Format Version 12.00
# Visual Studio Version 17
VisualStudioVersion = 17.13.35913.81 d17.13
MinimumVisualStudioVersion = 10.0.40219.1
Project("{FAE04EC0-301F-11D3-BF4B-00C04F79EFBC}") = "War", "War.csproj", "{CFC574A6-37AA-443B-8368-E77DA642ED28}"
EndProject
Global
	GlobalSection(SolutionConfigurationPlatforms) = preSolution
		Debug|Any CPU = Debug|Any CPU
		Release|Any CPU = Release|Any CPU
	EndGlobalSection
	GlobalSection(ProjectConfigurationPlatforms) = postSolution
		{CFC574A6-37AA-443B-8368-E77DA642ED28}.Debug|Any CPU.ActiveCfg = Debug|Any CPU
		{CFC574A6-37AA-443B-8368-E77DA642ED28}.Debug|Any CPU.Build.0 = Debug|Any CPU
		{CFC574A6-37AA-443B-8368-E77DA642ED28}.Release|Any CPU.ActiveCfg = Release|Any CPU
		{CFC574A6-37AA-443B-8368-E77DA642ED28}.Release|Any CPU.Build.0 = Release|Any CPU
	EndGlobalSection
	GlobalSection(SolutionProperties) = preSolution
		HideSolutionNode = FALSE
	EndGlobalSection
	GlobalSection(ExtensibilityGlobals) = postSolution
		SolutionGuid = {7E0BBF1B-218A-4E85-AD43-4487597178B8}
	EndGlobalSection
EndGlobal
